PODS:
  - Nimble (8.1.1)
  - Quick (3.0.0)
  - SnapKit (5.0.1)

DEPENDENCIES:
  - Nimble
  - Quick
  - SnapKit

SPEC REPOS:
  trunk:
    - Nimble
    - Quick
    - SnapKit

SPEC CHECKSUMS:
  Nimble: 5f8a2fb6fa343a7242dfdd9d42f7267419d464b2
  Quick: 6d9559f40647bc4d510103842ef2fdd882d753e2
  SnapKit: 97b92857e3df3a0c71833cce143274bf6ef8e5eb

PODFILE CHECKSUM: ae2c6d34ccdd4a42e25748eb4467f6e2110aa248

COCOAPODS: 1.9.3
