// !$*UTF8*$!
{
	archiveVersion = 1;
	classes = {
	};
	objectVersion = 51;
	objects = {

/* Begin PBXBuildFile section */
		23AA1500995B798DB2C82F45 /* Pods_Rainstorm.framework in Frameworks */ = {isa = PBXBuildFile; fileRef = 71A3B3D902B2BCB3527264B9 /* Pods_Rainstorm.framework */; };
		480539354016546E819EA767 /* Pods_RainstormTests.framework in Frameworks */ = {isa = PBXBuildFile; fileRef = EAC481CC34ECEAD9E2C1B821 /* Pods_RainstormTests.framework */; };
		E346ADC524C2C26200E63974 /* darksky.json in Resources */ = {isa = PBXBuildFile; fileRef = E346ADC424C2C26200E63974 /* darksky.json */; };
		E346ADC824C2C76E00E63974 /* QuickSpecExtension.swift in Sources */ = {isa = PBXBuildFile; fileRef = E346ADC724C2C76E00E63974 /* QuickSpecExtension.swift */; };
		E3C8882C24B98BFA001D1493 /* AppDelegate.swift in Sources */ = {isa = PBXBuildFile; fileRef = E3C8882B24B98BFA001D1493 /* AppDelegate.swift */; };
		E3C8882E24B98BFA001D1493 /* SceneDelegate.swift in Sources */ = {isa = PBXBuildFile; fileRef = E3C8882D24B98BFA001D1493 /* SceneDelegate.swift */; };
		E3C8883524B98BFB001D1493 /* Assets.xcassets in Resources */ = {isa = PBXBuildFile; fileRef = E3C8883424B98BFB001D1493 /* Assets.xcassets */; };
		E3C8883824B98BFB001D1493 /* LaunchScreen.storyboard in Resources */ = {isa = PBXBuildFile; fileRef = E3C8883624B98BFB001D1493 /* LaunchScreen.storyboard */; };
		E3C8885624B993F4001D1493 /* RootViewController.swift in Sources */ = {isa = PBXBuildFile; fileRef = E3C8885524B993F4001D1493 /* RootViewController.swift */; };
		E3C8885B24BA171F001D1493 /* DayViewController.swift in Sources */ = {isa = PBXBuildFile; fileRef = E3C8885A24BA171F001D1493 /* DayViewController.swift */; };
		E3C8885D24BA17B1001D1493 /* WeekViewController.swift in Sources */ = {isa = PBXBuildFile; fileRef = E3C8885C24BA17B1001D1493 /* WeekViewController.swift */; };
		E3C8886024BCBF8E001D1493 /* Styles.swift in Sources */ = {isa = PBXBuildFile; fileRef = E3C8885F24BCBF8E001D1493 /* Styles.swift */; };
		E3C8886224BCBFA9001D1493 /* Configuration.swift in Sources */ = {isa = PBXBuildFile; fileRef = E3C8886124BCBFA9001D1493 /* Configuration.swift */; };
		E3C8886524BCC10C001D1493 /* WeatherData.swift in Sources */ = {isa = PBXBuildFile; fileRef = E3C8886424BCC10C001D1493 /* WeatherData.swift */; };
		E3C8886824BCC19D001D1493 /* WeatherRequest.swift in Sources */ = {isa = PBXBuildFile; fileRef = E3C8886724BCC19D001D1493 /* WeatherRequest.swift */; };
		E3C8886A24BCC1CA001D1493 /* DarkSkyResponse.swift in Sources */ = {isa = PBXBuildFile; fileRef = E3C8886924BCC1CA001D1493 /* DarkSkyResponse.swift */; };
		E3C8886D24BCC44B001D1493 /* RootViewModel.swift in Sources */ = {isa = PBXBuildFile; fileRef = E3C8886C24BCC44B001D1493 /* RootViewModel.swift */; };
		E3C8887024BCC6B7001D1493 /* DayViewModel.swift in Sources */ = {isa = PBXBuildFile; fileRef = E3C8886F24BCC6B7001D1493 /* DayViewModel.swift */; };
		E3C8887324BCC6D6001D1493 /* WeekViewModel.swift in Sources */ = {isa = PBXBuildFile; fileRef = E3C8887224BCC6D6001D1493 /* WeekViewModel.swift */; };
		E3C8887624C0BED4001D1493 /* UIImageExtension.swift in Sources */ = {isa = PBXBuildFile; fileRef = E3C8887524C0BED4001D1493 /* UIImageExtension.swift */; };
		E3C8887A24C1FA46001D1493 /* DayViewModelTests.swift in Sources */ = {isa = PBXBuildFile; fileRef = E3C8887924C1FA46001D1493 /* DayViewModelTests.swift */; };
/* End PBXBuildFile section */

/* Begin PBXContainerItemProxy section */
		E3C8884824B98E9B001D1493 /* PBXContainerItemProxy */ = {
			isa = PBXContainerItemProxy;
			containerPortal = E3C8882024B98BFA001D1493 /* Project object */;
			proxyType = 1;
			remoteGlobalIDString = E3C8882724B98BFA001D1493;
			remoteInfo = Rainstorm;
		};
/* End PBXContainerItemProxy section */

/* Begin PBXFileReference section */
		043C91950D308B5CF343B02C /* Pods-RainstormTests.release.xcconfig */ = {isa = PBXFileReference; includeInIndex = 1; lastKnownFileType = text.xcconfig; name = "Pods-RainstormTests.release.xcconfig"; path = "Target Support Files/Pods-RainstormTests/Pods-RainstormTests.release.xcconfig"; sourceTree = "<group>"; };
		71A3B3D902B2BCB3527264B9 /* Pods_Rainstorm.framework */ = {isa = PBXFileReference; explicitFileType = wrapper.framework; includeInIndex = 0; path = Pods_Rainstorm.framework; sourceTree = BUILT_PRODUCTS_DIR; };
		8B8019F53DE884C853304D70 /* Pods-Rainstorm.debug.xcconfig */ = {isa = PBXFileReference; includeInIndex = 1; lastKnownFileType = text.xcconfig; name = "Pods-Rainstorm.debug.xcconfig"; path = "Target Support Files/Pods-Rainstorm/Pods-Rainstorm.debug.xcconfig"; sourceTree = "<group>"; };
		D0F01FC6CBDB3052C0C2F95F /* Pods-RainstormTests.debug.xcconfig */ = {isa = PBXFileReference; includeInIndex = 1; lastKnownFileType = text.xcconfig; name = "Pods-RainstormTests.debug.xcconfig"; path = "Target Support Files/Pods-RainstormTests/Pods-RainstormTests.debug.xcconfig"; sourceTree = "<group>"; };
		E346ADC424C2C26200E63974 /* darksky.json */ = {isa = PBXFileReference; fileEncoding = 4; lastKnownFileType = text.json; path = darksky.json; sourceTree = "<group>"; };
		E346ADC724C2C76E00E63974 /* QuickSpecExtension.swift */ = {isa = PBXFileReference; lastKnownFileType = sourcecode.swift; path = QuickSpecExtension.swift; sourceTree = "<group>"; };
		E3C8882824B98BFA001D1493 /* Rainstorm.app */ = {isa = PBXFileReference; explicitFileType = wrapper.application; includeInIndex = 0; path = Rainstorm.app; sourceTree = BUILT_PRODUCTS_DIR; };
		E3C8882B24B98BFA001D1493 /* AppDelegate.swift */ = {isa = PBXFileReference; lastKnownFileType = sourcecode.swift; path = AppDelegate.swift; sourceTree = "<group>"; };
		E3C8882D24B98BFA001D1493 /* SceneDelegate.swift */ = {isa = PBXFileReference; lastKnownFileType = sourcecode.swift; path = SceneDelegate.swift; sourceTree = "<group>"; };
		E3C8883424B98BFB001D1493 /* Assets.xcassets */ = {isa = PBXFileReference; lastKnownFileType = folder.assetcatalog; path = Assets.xcassets; sourceTree = "<group>"; };
		E3C8883724B98BFB001D1493 /* Base */ = {isa = PBXFileReference; lastKnownFileType = file.storyboard; name = Base; path = Base.lproj/LaunchScreen.storyboard; sourceTree = "<group>"; };
		E3C8883924B98BFB001D1493 /* Info.plist */ = {isa = PBXFileReference; lastKnownFileType = text.plist.xml; path = Info.plist; sourceTree = "<group>"; };
		E3C8884324B98E9B001D1493 /* RainstormTests.xctest */ = {isa = PBXFileReference; explicitFileType = wrapper.cfbundle; includeInIndex = 0; path = RainstormTests.xctest; sourceTree = BUILT_PRODUCTS_DIR; };
		E3C8884724B98E9B001D1493 /* Info.plist */ = {isa = PBXFileReference; lastKnownFileType = text.plist.xml; path = Info.plist; sourceTree = "<group>"; };
		E3C8885524B993F4001D1493 /* RootViewController.swift */ = {isa = PBXFileReference; lastKnownFileType = sourcecode.swift; path = RootViewController.swift; sourceTree = "<group>"; };
		E3C8885A24BA171F001D1493 /* DayViewController.swift */ = {isa = PBXFileReference; lastKnownFileType = sourcecode.swift; path = DayViewController.swift; sourceTree = "<group>"; };
		E3C8885C24BA17B1001D1493 /* WeekViewController.swift */ = {isa = PBXFileReference; lastKnownFileType = sourcecode.swift; path = WeekViewController.swift; sourceTree = "<group>"; };
		E3C8885F24BCBF8E001D1493 /* Styles.swift */ = {isa = PBXFileReference; lastKnownFileType = sourcecode.swift; path = Styles.swift; sourceTree = "<group>"; };
		E3C8886124BCBFA9001D1493 /* Configuration.swift */ = {isa = PBXFileReference; lastKnownFileType = sourcecode.swift; path = Configuration.swift; sourceTree = "<group>"; };
		E3C8886424BCC10C001D1493 /* WeatherData.swift */ = {isa = PBXFileReference; lastKnownFileType = sourcecode.swift; path = WeatherData.swift; sourceTree = "<group>"; };
		E3C8886724BCC19D001D1493 /* WeatherRequest.swift */ = {isa = PBXFileReference; lastKnownFileType = sourcecode.swift; path = WeatherRequest.swift; sourceTree = "<group>"; };
		E3C8886924BCC1CA001D1493 /* DarkSkyResponse.swift */ = {isa = PBXFileReference; lastKnownFileType = sourcecode.swift; path = DarkSkyResponse.swift; sourceTree = "<group>"; };
		E3C8886C24BCC44B001D1493 /* RootViewModel.swift */ = {isa = PBXFileReference; lastKnownFileType = sourcecode.swift; path = RootViewModel.swift; sourceTree = "<group>"; };
		E3C8886F24BCC6B7001D1493 /* DayViewModel.swift */ = {isa = PBXFileReference; lastKnownFileType = sourcecode.swift; path = DayViewModel.swift; sourceTree = "<group>"; };
		E3C8887224BCC6D6001D1493 /* WeekViewModel.swift */ = {isa = PBXFileReference; lastKnownFileType = sourcecode.swift; path = WeekViewModel.swift; sourceTree = "<group>"; };
		E3C8887524C0BED4001D1493 /* UIImageExtension.swift */ = {isa = PBXFileReference; lastKnownFileType = sourcecode.swift; path = UIImageExtension.swift; sourceTree = "<group>"; };
		E3C8887924C1FA46001D1493 /* DayViewModelTests.swift */ = {isa = PBXFileReference; lastKnownFileType = sourcecode.swift; path = DayViewModelTests.swift; sourceTree = "<group>"; };
		EAC481CC34ECEAD9E2C1B821 /* Pods_RainstormTests.framework */ = {isa = PBXFileReference; explicitFileType = wrapper.framework; includeInIndex = 0; path = Pods_RainstormTests.framework; sourceTree = BUILT_PRODUCTS_DIR; };
		FEAFF683232FA12B2A9F402F /* Pods-Rainstorm.release.xcconfig */ = {isa = PBXFileReference; includeInIndex = 1; lastKnownFileType = text.xcconfig; name = "Pods-Rainstorm.release.xcconfig"; path = "Target Support Files/Pods-Rainstorm/Pods-Rainstorm.release.xcconfig"; sourceTree = "<group>"; };
/* End PBXFileReference section */

/* Begin PBXFrameworksBuildPhase section */
		E3C8882524B98BFA001D1493 /* Frameworks */ = {
			isa = PBXFrameworksBuildPhase;
			buildActionMask = 2147483647;
			files = (
				23AA1500995B798DB2C82F45 /* Pods_Rainstorm.framework in Frameworks */,
			);
			runOnlyForDeploymentPostprocessing = 0;
		};
		E3C8884024B98E9B001D1493 /* Frameworks */ = {
			isa = PBXFrameworksBuildPhase;
			buildActionMask = 2147483647;
			files = (
				480539354016546E819EA767 /* Pods_RainstormTests.framework in Frameworks */,
			);
			runOnlyForDeploymentPostprocessing = 0;
		};
/* End PBXFrameworksBuildPhase section */

/* Begin PBXGroup section */
		426981F99DD85A34863DC772 /* Frameworks */ = {
			isa = PBXGroup;
			children = (
				71A3B3D902B2BCB3527264B9 /* Pods_Rainstorm.framework */,
				EAC481CC34ECEAD9E2C1B821 /* Pods_RainstormTests.framework */,
			);
			name = Frameworks;
			sourceTree = "<group>";
		};
		BE0B06C2B53EC290173DFB4A /* Pods */ = {
			isa = PBXGroup;
			children = (
				8B8019F53DE884C853304D70 /* Pods-Rainstorm.debug.xcconfig */,
				FEAFF683232FA12B2A9F402F /* Pods-Rainstorm.release.xcconfig */,
				D0F01FC6CBDB3052C0C2F95F /* Pods-RainstormTests.debug.xcconfig */,
				043C91950D308B5CF343B02C /* Pods-RainstormTests.release.xcconfig */,
			);
			path = Pods;
			sourceTree = "<group>";
		};
		E346ADC324C2C22400E63974 /* Stubs */ = {
			isa = PBXGroup;
			children = (
				E346ADC424C2C26200E63974 /* darksky.json */,
			);
			path = Stubs;
			sourceTree = "<group>";
		};
		E346ADC624C2C47D00E63974 /* Extensions */ = {
			isa = PBXGroup;
			children = (
				E346ADC724C2C76E00E63974 /* QuickSpecExtension.swift */,
			);
			path = Extensions;
			sourceTree = "<group>";
		};
		E3C8881F24B98BFA001D1493 = {
			isa = PBXGroup;
			children = (
				E3C8882A24B98BFA001D1493 /* Rainstorm */,
				E3C8884424B98E9B001D1493 /* RainstormTests */,
				E3C8882924B98BFA001D1493 /* Products */,
				BE0B06C2B53EC290173DFB4A /* Pods */,
				426981F99DD85A34863DC772 /* Frameworks */,
			);
			sourceTree = "<group>";
		};
		E3C8882924B98BFA001D1493 /* Products */ = {
			isa = PBXGroup;
			children = (
				E3C8882824B98BFA001D1493 /* Rainstorm.app */,
				E3C8884324B98E9B001D1493 /* RainstormTests.xctest */,
			);
			name = Products;
			sourceTree = "<group>";
		};
		E3C8882A24B98BFA001D1493 /* Rainstorm */ = {
			isa = PBXGroup;
			children = (
				E3C8886624BCC18A001D1493 /* Models */,
				E3C8886324BCC08D001D1493 /* Protocols */,
				E3C8885E24BCBF76001D1493 /* Configuration */,
				E3C8885324B993C3001D1493 /* ViewControllers */,
				E3C8885224B9938B001D1493 /* Resources */,
				E3C8885124B99353001D1493 /* Storyboards */,
				E3C8885024B992A6001D1493 /* SupportingFiles */,
				E3C8887424C0BEC5001D1493 /* Extensions */,
				E3C8884F24B9928E001D1493 /* ApplicationDelegates */,
			);
			path = Rainstorm;
			sourceTree = "<group>";
		};
		E3C8884424B98E9B001D1493 /* RainstormTests */ = {
			isa = PBXGroup;
			children = (
				E346ADC624C2C47D00E63974 /* Extensions */,
				E346ADC324C2C22400E63974 /* Stubs */,
				E3C8887724C1F56A001D1493 /* Mocks */,
				E3C8884E24B99251001D1493 /* Cases */,
				E3C8884D24B99203001D1493 /* SupportingFiles */,
			);
			path = RainstormTests;
			sourceTree = "<group>";
		};
		E3C8884D24B99203001D1493 /* SupportingFiles */ = {
			isa = PBXGroup;
			children = (
				E3C8884724B98E9B001D1493 /* Info.plist */,
			);
			path = SupportingFiles;
			sourceTree = "<group>";
		};
		E3C8884E24B99251001D1493 /* Cases */ = {
			isa = PBXGroup;
			children = (
				E3C8887924C1FA46001D1493 /* DayViewModelTests.swift */,
			);
			path = Cases;
			sourceTree = "<group>";
		};
		E3C8884F24B9928E001D1493 /* ApplicationDelegates */ = {
			isa = PBXGroup;
			children = (
				E3C8882B24B98BFA001D1493 /* AppDelegate.swift */,
				E3C8882D24B98BFA001D1493 /* SceneDelegate.swift */,
			);
			path = ApplicationDelegates;
			sourceTree = "<group>";
		};
		E3C8885024B992A6001D1493 /* SupportingFiles */ = {
			isa = PBXGroup;
			children = (
				E3C8883924B98BFB001D1493 /* Info.plist */,
			);
			path = SupportingFiles;
			sourceTree = "<group>";
		};
		E3C8885124B99353001D1493 /* Storyboards */ = {
			isa = PBXGroup;
			children = (
				E3C8883624B98BFB001D1493 /* LaunchScreen.storyboard */,
			);
			path = Storyboards;
			sourceTree = "<group>";
		};
		E3C8885224B9938B001D1493 /* Resources */ = {
			isa = PBXGroup;
			children = (
				E3C8883424B98BFB001D1493 /* Assets.xcassets */,
			);
			path = Resources;
			sourceTree = "<group>";
		};
		E3C8885324B993C3001D1493 /* ViewControllers */ = {
			isa = PBXGroup;
			children = (
				E3C8885724BA156C001D1493 /* WeatherViewControllers */,
				E3C8885424B993CC001D1493 /* RootViewController */,
			);
			path = ViewControllers;
			sourceTree = "<group>";
		};
		E3C8885424B993CC001D1493 /* RootViewController */ = {
			isa = PBXGroup;
			children = (
				E3C8886B24BCC435001D1493 /* ViewModels */,
				E3C8885524B993F4001D1493 /* RootViewController.swift */,
			);
			path = RootViewController;
			sourceTree = "<group>";
		};
		E3C8885724BA156C001D1493 /* WeatherViewControllers */ = {
			isa = PBXGroup;
			children = (
				E3C8885924BA1587001D1493 /* WeekViewController */,
				E3C8885824BA157D001D1493 /* DayViewController */,
			);
			path = WeatherViewControllers;
			sourceTree = "<group>";
		};
		E3C8885824BA157D001D1493 /* DayViewController */ = {
			isa = PBXGroup;
			children = (
				E3C8886E24BCC6AA001D1493 /* ViewModels */,
				E3C8885A24BA171F001D1493 /* DayViewController.swift */,
			);
			path = DayViewController;
			sourceTree = "<group>";
		};
		E3C8885924BA1587001D1493 /* WeekViewController */ = {
			isa = PBXGroup;
			children = (
				E3C8887124BCC6C7001D1493 /* ViewModels */,
				E3C8885C24BA17B1001D1493 /* WeekViewController.swift */,
			);
			path = WeekViewController;
			sourceTree = "<group>";
		};
		E3C8885E24BCBF76001D1493 /* Configuration */ = {
			isa = PBXGroup;
			children = (
				E3C8885F24BCBF8E001D1493 /* Styles.swift */,
				E3C8886124BCBFA9001D1493 /* Configuration.swift */,
			);
			path = Configuration;
			sourceTree = "<group>";
		};
		E3C8886324BCC08D001D1493 /* Protocols */ = {
			isa = PBXGroup;
			children = (
				E3C8886424BCC10C001D1493 /* WeatherData.swift */,
			);
			path = Protocols;
			sourceTree = "<group>";
		};
		E3C8886624BCC18A001D1493 /* Models */ = {
			isa = PBXGroup;
			children = (
				E3C8886724BCC19D001D1493 /* WeatherRequest.swift */,
				E3C8886924BCC1CA001D1493 /* DarkSkyResponse.swift */,
			);
			path = Models;
			sourceTree = "<group>";
		};
		E3C8886B24BCC435001D1493 /* ViewModels */ = {
			isa = PBXGroup;
			children = (
				E3C8886C24BCC44B001D1493 /* RootViewModel.swift */,
			);
			path = ViewModels;
			sourceTree = "<group>";
		};
		E3C8886E24BCC6AA001D1493 /* ViewModels */ = {
			isa = PBXGroup;
			children = (
				E3C8886F24BCC6B7001D1493 /* DayViewModel.swift */,
			);
			path = ViewModels;
			sourceTree = "<group>";
		};
		E3C8887124BCC6C7001D1493 /* ViewModels */ = {
			isa = PBXGroup;
			children = (
				E3C8887224BCC6D6001D1493 /* WeekViewModel.swift */,
			);
			path = ViewModels;
			sourceTree = "<group>";
		};
		E3C8887424C0BEC5001D1493 /* Extensions */ = {
			isa = PBXGroup;
			children = (
				E3C8887524C0BED4001D1493 /* UIImageExtension.swift */,
			);
			path = Extensions;
			sourceTree = "<group>";
		};
		E3C8887724C1F56A001D1493 /* Mocks */ = {
			isa = PBXGroup;
			children = (
			);
			path = Mocks;
			sourceTree = "<group>";
		};
/* End PBXGroup section */

/* Begin PBXNativeTarget section */
		E3C8882724B98BFA001D1493 /* Rainstorm */ = {
			isa = PBXNativeTarget;
			buildConfigurationList = E3C8883C24B98BFB001D1493 /* Build configuration list for PBXNativeTarget "Rainstorm" */;
			buildPhases = (
				8981D480B6E171791CE75B59 /* [CP] Check Pods Manifest.lock */,
				E3C8882424B98BFA001D1493 /* Sources */,
				E3C8882524B98BFA001D1493 /* Frameworks */,
				E3C8882624B98BFA001D1493 /* Resources */,
				5348264A31C6D2D3FCBE21F5 /* [CP] Embed Pods Frameworks */,
			);
			buildRules = (
			);
			dependencies = (
			);
			name = Rainstorm;
			productName = Rainstorm;
			productReference = E3C8882824B98BFA001D1493 /* Rainstorm.app */;
			productType = "com.apple.product-type.application";
		};
		E3C8884224B98E9B001D1493 /* RainstormTests */ = {
			isa = PBXNativeTarget;
			buildConfigurationList = E3C8884A24B98E9B001D1493 /* Build configuration list for PBXNativeTarget "RainstormTests" */;
			buildPhases = (
				583F8E6B98AD0690DDF842CB /* [CP] Check Pods Manifest.lock */,
				E3C8883F24B98E9B001D1493 /* Sources */,
				E3C8884024B98E9B001D1493 /* Frameworks */,
				E3C8884124B98E9B001D1493 /* Resources */,
				9B867A2FDDB0AF82F53D5301 /* [CP] Embed Pods Frameworks */,
			);
			buildRules = (
			);
			dependencies = (
				E3C8884924B98E9B001D1493 /* PBXTargetDependency */,
			);
			name = RainstormTests;
			productName = RainstormTests;
			productReference = E3C8884324B98E9B001D1493 /* RainstormTests.xctest */;
			productType = "com.apple.product-type.bundle.unit-test";
		};
/* End PBXNativeTarget section */

/* Begin PBXProject section */
		E3C8882024B98BFA001D1493 /* Project object */ = {
			isa = PBXProject;
			attributes = {
				LastSwiftUpdateCheck = 1150;
				LastUpgradeCheck = 1150;
				ORGANIZATIONNAME = Cyberhex;
				TargetAttributes = {
					E3C8882724B98BFA001D1493 = {
						CreatedOnToolsVersion = 11.5;
					};
					E3C8884224B98E9B001D1493 = {
						CreatedOnToolsVersion = 11.5;
						LastSwiftMigration = 1150;
						TestTargetID = E3C8882724B98BFA001D1493;
					};
				};
			};
			buildConfigurationList = E3C8882324B98BFA001D1493 /* Build configuration list for PBXProject "Rainstorm" */;
			compatibilityVersion = "Xcode 9.3";
			developmentRegion = en;
			hasScannedForEncodings = 0;
			knownRegions = (
				en,
				Base,
			);
			mainGroup = E3C8881F24B98BFA001D1493;
			productRefGroup = E3C8882924B98BFA001D1493 /* Products */;
			projectDirPath = "";
			projectRoot = "";
			targets = (
				E3C8882724B98BFA001D1493 /* Rainstorm */,
				E3C8884224B98E9B001D1493 /* RainstormTests */,
			);
		};
/* End PBXProject section */

/* Begin PBXResourcesBuildPhase section */
		E3C8882624B98BFA001D1493 /* Resources */ = {
			isa = PBXResourcesBuildPhase;
			buildActionMask = 2147483647;
			files = (
				E3C8883824B98BFB001D1493 /* LaunchScreen.storyboard in Resources */,
				E3C8883524B98BFB001D1493 /* Assets.xcassets in Resources */,
			);
			runOnlyForDeploymentPostprocessing = 0;
		};
		E3C8884124B98E9B001D1493 /* Resources */ = {
			isa = PBXResourcesBuildPhase;
			buildActionMask = 2147483647;
			files = (
				E346ADC524C2C26200E63974 /* darksky.json in Resources */,
			);
			runOnlyForDeploymentPostprocessing = 0;
		};
/* End PBXResourcesBuildPhase section */

/* Begin PBXShellScriptBuildPhase section */
		5348264A31C6D2D3FCBE21F5 /* [CP] Embed Pods Frameworks */ = {
			isa = PBXShellScriptBuildPhase;
			buildActionMask = 2147483647;
			files = (
			);
			inputFileListPaths = (
				"${PODS_ROOT}/Target Support Files/Pods-Rainstorm/Pods-Rainstorm-frameworks-${CONFIGURATION}-input-files.xcfilelist",
			);
			name = "[CP] Embed Pods Frameworks";
			outputFileListPaths = (
				"${PODS_ROOT}/Target Support Files/Pods-Rainstorm/Pods-Rainstorm-frameworks-${CONFIGURATION}-output-files.xcfilelist",
			);
			runOnlyForDeploymentPostprocessing = 0;
			shellPath = /bin/sh;
			shellScript = "\"${PODS_ROOT}/Target Support Files/Pods-Rainstorm/Pods-Rainstorm-frameworks.sh\"\n";
			showEnvVarsInLog = 0;
		};
		583F8E6B98AD0690DDF842CB /* [CP] Check Pods Manifest.lock */ = {
			isa = PBXShellScriptBuildPhase;
			buildActionMask = 2147483647;
			files = (
			);
			inputFileListPaths = (
			);
			inputPaths = (
				"${PODS_PODFILE_DIR_PATH}/Podfile.lock",
				"${PODS_ROOT}/Manifest.lock",
			);
			name = "[CP] Check Pods Manifest.lock";
			outputFileListPaths = (
			);
			outputPaths = (
				"$(DERIVED_FILE_DIR)/Pods-RainstormTests-checkManifestLockResult.txt",
			);
			runOnlyForDeploymentPostprocessing = 0;
			shellPath = /bin/sh;
			shellScript = "diff \"${PODS_PODFILE_DIR_PATH}/Podfile.lock\" \"${PODS_ROOT}/Manifest.lock\" > /dev/null\nif [ $? != 0 ] ; then\n    # print error to STDERR\n    echo \"error: The sandbox is not in sync with the Podfile.lock. Run 'pod install' or update your CocoaPods installation.\" >&2\n    exit 1\nfi\n# This output is used by Xcode 'outputs' to avoid re-running this script phase.\necho \"SUCCESS\" > \"${SCRIPT_OUTPUT_FILE_0}\"\n";
			showEnvVarsInLog = 0;
		};
		8981D480B6E171791CE75B59 /* [CP] Check Pods Manifest.lock */ = {
			isa = PBXShellScriptBuildPhase;
			buildActionMask = 2147483647;
			files = (
			);
			inputFileListPaths = (
			);
			inputPaths = (
				"${PODS_PODFILE_DIR_PATH}/Podfile.lock",
				"${PODS_ROOT}/Manifest.lock",
			);
			name = "[CP] Check Pods Manifest.lock";
			outputFileListPaths = (
			);
			outputPaths = (
				"$(DERIVED_FILE_DIR)/Pods-Rainstorm-checkManifestLockResult.txt",
			);
			runOnlyForDeploymentPostprocessing = 0;
			shellPath = /bin/sh;
			shellScript = "diff \"${PODS_PODFILE_DIR_PATH}/Podfile.lock\" \"${PODS_ROOT}/Manifest.lock\" > /dev/null\nif [ $? != 0 ] ; then\n    # print error to STDERR\n    echo \"error: The sandbox is not in sync with the Podfile.lock. Run 'pod install' or update your CocoaPods installation.\" >&2\n    exit 1\nfi\n# This output is used by Xcode 'outputs' to avoid re-running this script phase.\necho \"SUCCESS\" > \"${SCRIPT_OUTPUT_FILE_0}\"\n";
			showEnvVarsInLog = 0;
		};
		9B867A2FDDB0AF82F53D5301 /* [CP] Embed Pods Frameworks */ = {
			isa = PBXShellScriptBuildPhase;
			buildActionMask = 2147483647;
			files = (
			);
			inputFileListPaths = (
				"${PODS_ROOT}/Target Support Files/Pods-RainstormTests/Pods-RainstormTests-frameworks-${CONFIGURATION}-input-files.xcfilelist",
			);
			name = "[CP] Embed Pods Frameworks";
			outputFileListPaths = (
				"${PODS_ROOT}/Target Support Files/Pods-RainstormTests/Pods-RainstormTests-frameworks-${CONFIGURATION}-output-files.xcfilelist",
			);
			runOnlyForDeploymentPostprocessing = 0;
			shellPath = /bin/sh;
			shellScript = "\"${PODS_ROOT}/Target Support Files/Pods-RainstormTests/Pods-RainstormTests-frameworks.sh\"\n";
			showEnvVarsInLog = 0;
		};
/* End PBXShellScriptBuildPhase section */

/* Begin PBXSourcesBuildPhase section */
		E3C8882424B98BFA001D1493 /* Sources */ = {
			isa = PBXSourcesBuildPhase;
			buildActionMask = 2147483647;
			files = (
				E3C8885D24BA17B1001D1493 /* WeekViewController.swift in Sources */,
				E3C8882C24B98BFA001D1493 /* AppDelegate.swift in Sources */,
				E3C8886224BCBFA9001D1493 /* Configuration.swift in Sources */,
				E3C8882E24B98BFA001D1493 /* SceneDelegate.swift in Sources */,
				E3C8886024BCBF8E001D1493 /* Styles.swift in Sources */,
				E3C8885624B993F4001D1493 /* RootViewController.swift in Sources */,
				E3C8886824BCC19D001D1493 /* WeatherRequest.swift in Sources */,
				E3C8887324BCC6D6001D1493 /* WeekViewModel.swift in Sources */,
				E3C8886524BCC10C001D1493 /* WeatherData.swift in Sources */,
				E3C8887624C0BED4001D1493 /* UIImageExtension.swift in Sources */,
				E3C8886D24BCC44B001D1493 /* RootViewModel.swift in Sources */,
				E3C8886A24BCC1CA001D1493 /* DarkSkyResponse.swift in Sources */,
				E3C8885B24BA171F001D1493 /* DayViewController.swift in Sources */,
				E3C8887024BCC6B7001D1493 /* DayViewModel.swift in Sources */,
			);
			runOnlyForDeploymentPostprocessing = 0;
		};
		E3C8883F24B98E9B001D1493 /* Sources */ = {
			isa = PBXSourcesBuildPhase;
			buildActionMask = 2147483647;
			files = (
				E346ADC824C2C76E00E63974 /* QuickSpecExtension.swift in Sources */,
				E3C8887A24C1FA46001D1493 /* DayViewModelTests.swift in Sources */,
			);
			runOnlyForDeploymentPostprocessing = 0;
		};
/* End PBXSourcesBuildPhase section */

/* Begin PBXTargetDependency section */
		E3C8884924B98E9B001D1493 /* PBXTargetDependency */ = {
			isa = PBXTargetDependency;
			target = E3C8882724B98BFA001D1493 /* Rainstorm */;
			targetProxy = E3C8884824B98E9B001D1493 /* PBXContainerItemProxy */;
		};
/* End PBXTargetDependency section */

/* Begin PBXVariantGroup section */
		E3C8883624B98BFB001D1493 /* LaunchScreen.storyboard */ = {
			isa = PBXVariantGroup;
			children = (
				E3C8883724B98BFB001D1493 /* Base */,
			);
			name = LaunchScreen.storyboard;
			sourceTree = "<group>";
		};
/* End PBXVariantGroup section */

/* Begin XCBuildConfiguration section */
		E3C8883A24B98BFB001D1493 /* Debug */ = {
			isa = XCBuildConfiguration;
			buildSettings = {
				ALWAYS_SEARCH_USER_PATHS = NO;
				CLANG_ANALYZER_NONNULL = YES;
				CLANG_ANALYZER_NUMBER_OBJECT_CONVERSION = YES_AGGRESSIVE;
				CLANG_CXX_LANGUAGE_STANDARD = "gnu++14";
				CLANG_CXX_LIBRARY = "libc++";
				CLANG_ENABLE_MODULES = YES;
				CLANG_ENABLE_OBJC_ARC = YES;
				CLANG_ENABLE_OBJC_WEAK = YES;
				CLANG_WARN_BLOCK_CAPTURE_AUTORELEASING = YES;
				CLANG_WARN_BOOL_CONVERSION = YES;
				CLANG_WARN_COMMA = YES;
				CLANG_WARN_CONSTANT_CONVERSION = YES;
				CLANG_WARN_DEPRECATED_OBJC_IMPLEMENTATIONS = YES;
				CLANG_WARN_DIRECT_OBJC_ISA_USAGE = YES_ERROR;
				CLANG_WARN_DOCUMENTATION_COMMENTS = YES;
				CLANG_WARN_EMPTY_BODY = YES;
				CLANG_WARN_ENUM_CONVERSION = YES;
				CLANG_WARN_INFINITE_RECURSION = YES;
				CLANG_WARN_INT_CONVERSION = YES;
				CLANG_WARN_NON_LITERAL_NULL_CONVERSION = YES;
				CLANG_WARN_OBJC_IMPLICIT_RETAIN_SELF = YES;
				CLANG_WARN_OBJC_LITERAL_CONVERSION = YES;
				CLANG_WARN_OBJC_ROOT_CLASS = YES_ERROR;
				CLANG_WARN_RANGE_LOOP_ANALYSIS = YES;
				CLANG_WARN_STRICT_PROTOTYPES = YES;
				CLANG_WARN_SUSPICIOUS_MOVE = YES;
				CLANG_WARN_UNGUARDED_AVAILABILITY = YES_AGGRESSIVE;
				CLANG_WARN_UNREACHABLE_CODE = YES;
				CLANG_WARN__DUPLICATE_METHOD_MATCH = YES;
				COPY_PHASE_STRIP = NO;
				DEBUG_INFORMATION_FORMAT = dwarf;
				ENABLE_STRICT_OBJC_MSGSEND = YES;
				ENABLE_TESTABILITY = YES;
				GCC_C_LANGUAGE_STANDARD = gnu11;
				GCC_DYNAMIC_NO_PIC = NO;
				GCC_NO_COMMON_BLOCKS = YES;
				GCC_OPTIMIZATION_LEVEL = 0;
				GCC_PREPROCESSOR_DEFINITIONS = (
					"DEBUG=1",
					"$(inherited)",
				);
				GCC_WARN_64_TO_32_BIT_CONVERSION = YES;
				GCC_WARN_ABOUT_RETURN_TYPE = YES_ERROR;
				GCC_WARN_UNDECLARED_SELECTOR = YES;
				GCC_WARN_UNINITIALIZED_AUTOS = YES_AGGRESSIVE;
				GCC_WARN_UNUSED_FUNCTION = YES;
				GCC_WARN_UNUSED_VARIABLE = YES;
				IPHONEOS_DEPLOYMENT_TARGET = 13.5;
				MTL_ENABLE_DEBUG_INFO = INCLUDE_SOURCE;
				MTL_FAST_MATH = YES;
				ONLY_ACTIVE_ARCH = YES;
				SDKROOT = iphoneos;
				SWIFT_ACTIVE_COMPILATION_CONDITIONS = DEBUG;
				SWIFT_OPTIMIZATION_LEVEL = "-Onone";
			};
			name = Debug;
		};
		E3C8883B24B98BFB001D1493 /* Release */ = {
			isa = XCBuildConfiguration;
			buildSettings = {
				ALWAYS_SEARCH_USER_PATHS = NO;
				CLANG_ANALYZER_NONNULL = YES;
				CLANG_ANALYZER_NUMBER_OBJECT_CONVERSION = YES_AGGRESSIVE;
				CLANG_CXX_LANGUAGE_STANDARD = "gnu++14";
				CLANG_CXX_LIBRARY = "libc++";
				CLANG_ENABLE_MODULES = YES;
				CLANG_ENABLE_OBJC_ARC = YES;
				CLANG_ENABLE_OBJC_WEAK = YES;
				CLANG_WARN_BLOCK_CAPTURE_AUTORELEASING = YES;
				CLANG_WARN_BOOL_CONVERSION = YES;
				CLANG_WARN_COMMA = YES;
				CLANG_WARN_CONSTANT_CONVERSION = YES;
				CLANG_WARN_DEPRECATED_OBJC_IMPLEMENTATIONS = YES;
				CLANG_WARN_DIRECT_OBJC_ISA_USAGE = YES_ERROR;
				CLANG_WARN_DOCUMENTATION_COMMENTS = YES;
				CLANG_WARN_EMPTY_BODY = YES;
				CLANG_WARN_ENUM_CONVERSION = YES;
				CLANG_WARN_INFINITE_RECURSION = YES;
				CLANG_WARN_INT_CONVERSION = YES;
				CLANG_WARN_NON_LITERAL_NULL_CONVERSION = YES;
				CLANG_WARN_OBJC_IMPLICIT_RETAIN_SELF = YES;
				CLANG_WARN_OBJC_LITERAL_CONVERSION = YES;
				CLANG_WARN_OBJC_ROOT_CLASS = YES_ERROR;
				CLANG_WARN_RANGE_LOOP_ANALYSIS = YES;
				CLANG_WARN_STRICT_PROTOTYPES = YES;
				CLANG_WARN_SUSPICIOUS_MOVE = YES;
				CLANG_WARN_UNGUARDED_AVAILABILITY = YES_AGGRESSIVE;
				CLANG_WARN_UNREACHABLE_CODE = YES;
				CLANG_WARN__DUPLICATE_METHOD_MATCH = YES;
				COPY_PHASE_STRIP = NO;
				DEBUG_INFORMATION_FORMAT = "dwarf-with-dsym";
				ENABLE_NS_ASSERTIONS = NO;
				ENABLE_STRICT_OBJC_MSGSEND = YES;
				GCC_C_LANGUAGE_STANDARD = gnu11;
				GCC_NO_COMMON_BLOCKS = YES;
				GCC_WARN_64_TO_32_BIT_CONVERSION = YES;
				GCC_WARN_ABOUT_RETURN_TYPE = YES_ERROR;
				GCC_WARN_UNDECLARED_SELECTOR = YES;
				GCC_WARN_UNINITIALIZED_AUTOS = YES_AGGRESSIVE;
				GCC_WARN_UNUSED_FUNCTION = YES;
				GCC_WARN_UNUSED_VARIABLE = YES;
				IPHONEOS_DEPLOYMENT_TARGET = 13.5;
				MTL_ENABLE_DEBUG_INFO = NO;
				MTL_FAST_MATH = YES;
				SDKROOT = iphoneos;
				SWIFT_COMPILATION_MODE = wholemodule;
				SWIFT_OPTIMIZATION_LEVEL = "-O";
				VALIDATE_PRODUCT = YES;
			};
			name = Release;
		};
		E3C8883D24B98BFB001D1493 /* Debug */ = {
			isa = XCBuildConfiguration;
			baseConfigurationReference = 8B8019F53DE884C853304D70 /* Pods-Rainstorm.debug.xcconfig */;
			buildSettings = {
				ASSETCATALOG_COMPILER_APPICON_NAME = AppIcon;
				CODE_SIGN_STYLE = Automatic;
				DEVELOPMENT_TEAM = GTL8J49U3L;
				INFOPLIST_FILE = Rainstorm/SupportingFiles/Info.plist;
				LD_RUNPATH_SEARCH_PATHS = (
					"$(inherited)",
					"@executable_path/Frameworks",
				);
				PRODUCT_BUNDLE_IDENTIFIER = com.cyberhex.Rainstorm;
				PRODUCT_NAME = "$(TARGET_NAME)";
				SWIFT_VERSION = 5.0;
				TARGETED_DEVICE_FAMILY = "1,2";
			};
			name = Debug;
		};
		E3C8883E24B98BFB001D1493 /* Release */ = {
			isa = XCBuildConfiguration;
			baseConfigurationReference = FEAFF683232FA12B2A9F402F /* Pods-Rainstorm.release.xcconfig */;
			buildSettings = {
				ASSETCATALOG_COMPILER_APPICON_NAME = AppIcon;
				CODE_SIGN_STYLE = Automatic;
				DEVELOPMENT_TEAM = GTL8J49U3L;
				INFOPLIST_FILE = Rainstorm/SupportingFiles/Info.plist;
				LD_RUNPATH_SEARCH_PATHS = (
					"$(inherited)",
					"@executable_path/Frameworks",
				);
				PRODUCT_BUNDLE_IDENTIFIER = com.cyberhex.Rainstorm;
				PRODUCT_NAME = "$(TARGET_NAME)";
				SWIFT_VERSION = 5.0;
				TARGETED_DEVICE_FAMILY = "1,2";
			};
			name = Release;
		};
		E3C8884B24B98E9B001D1493 /* Debug */ = {
			isa = XCBuildConfiguration;
			baseConfigurationReference = D0F01FC6CBDB3052C0C2F95F /* Pods-RainstormTests.debug.xcconfig */;
			buildSettings = {
				BUNDLE_LOADER = "$(TEST_HOST)";
				CLANG_ENABLE_MODULES = YES;
				CODE_SIGN_STYLE = Automatic;
				DEVELOPMENT_TEAM = GTL8J49U3L;
				INFOPLIST_FILE = RainstormTests/SupportingFiles/Info.plist;
				LD_RUNPATH_SEARCH_PATHS = (
					"$(inherited)",
					"@executable_path/Frameworks",
					"@loader_path/Frameworks",
				);
				PRODUCT_BUNDLE_IDENTIFIER = com.cyberhex.RainstormTests;
				PRODUCT_NAME = "$(TARGET_NAME)";
				SWIFT_OPTIMIZATION_LEVEL = "-Onone";
				SWIFT_VERSION = 5.0;
				TARGETED_DEVICE_FAMILY = "1,2";
				TEST_HOST = "$(BUILT_PRODUCTS_DIR)/Rainstorm.app/Rainstorm";
			};
			name = Debug;
		};
		E3C8884C24B98E9B001D1493 /* Release */ = {
			isa = XCBuildConfiguration;
			baseConfigurationReference = 043C91950D308B5CF343B02C /* Pods-RainstormTests.release.xcconfig */;
			buildSettings = {
				BUNDLE_LOADER = "$(TEST_HOST)";
				CLANG_ENABLE_MODULES = YES;
				CODE_SIGN_STYLE = Automatic;
				DEVELOPMENT_TEAM = GTL8J49U3L;
				INFOPLIST_FILE = RainstormTests/SupportingFiles/Info.plist;
				LD_RUNPATH_SEARCH_PATHS = (
					"$(inherited)",
					"@executable_path/Frameworks",
					"@loader_path/Frameworks",
				);
				PRODUCT_BUNDLE_IDENTIFIER = com.cyberhex.RainstormTests;
				PRODUCT_NAME = "$(TARGET_NAME)";
				SWIFT_VERSION = 5.0;
				TARGETED_DEVICE_FAMILY = "1,2";
				TEST_HOST = "$(BUILT_PRODUCTS_DIR)/Rainstorm.app/Rainstorm";
			};
			name = Release;
		};
/* End XCBuildConfiguration section */

/* Begin XCConfigurationList section */
		E3C8882324B98BFA001D1493 /* Build configuration list for PBXProject "Rainstorm" */ = {
			isa = XCConfigurationList;
			buildConfigurations = (
				E3C8883A24B98BFB001D1493 /* Debug */,
				E3C8883B24B98BFB001D1493 /* Release */,
			);
			defaultConfigurationIsVisible = 0;
			defaultConfigurationName = Release;
		};
		E3C8883C24B98BFB001D1493 /* Build configuration list for PBXNativeTarget "Rainstorm" */ = {
			isa = XCConfigurationList;
			buildConfigurations = (
				E3C8883D24B98BFB001D1493 /* Debug */,
				E3C8883E24B98BFB001D1493 /* Release */,
			);
			defaultConfigurationIsVisible = 0;
			defaultConfigurationName = Release;
		};
		E3C8884A24B98E9B001D1493 /* Build configuration list for PBXNativeTarget "RainstormTests" */ = {
			isa = XCConfigurationList;
			buildConfigurations = (
				E3C8884B24B98E9B001D1493 /* Debug */,
				E3C8884C24B98E9B001D1493 /* Release */,
			);
			defaultConfigurationIsVisible = 0;
			defaultConfigurationName = Release;
		};
/* End XCConfigurationList section */
	};
	rootObject = E3C8882024B98BFA001D1493 /* Project object */;
}
